
Microsoft Visual Studio Solution File, Format Version 12.00
# Visual Studio 15
Project("{FAE04EC0-301F-11D3-BF4B-00C04F79EFBC}") = "Assembly-CSharp", "Assembly-CSharp.csproj", "{DB5A81ED-EAE4-83C5-8FB9-03EC12A34DCF}"
EndProject
Global
	GlobalSection(SolutionConfigurationPlatforms) = preSolution
		Debug|Any CPU = Debug|Any CPU
		Release|Any CPU = Release|Any CPU
	EndGlobalSection
	GlobalSection(ProjectConfigurationPlatforms) = postSolution
		{DB5A81ED-EAE4-83C5-8FB9-03EC12A34DCF}.Debug|Any CPU.ActiveCfg = Debug|Any CPU
		{DB5A81ED-EAE4-83C5-8FB9-03EC12A34DCF}.Debug|Any CPU.Build.0 = Debug|Any CPU
		{DB5A81ED-EAE4-83C5-8FB9-03EC12A34DCF}.Release|Any CPU.ActiveCfg = Release|Any CPU
		{DB5A81ED-EAE4-83C5-8FB9-03EC12A34DCF}.Release|Any CPU.Build.0 = Release|Any CPU
	EndGlobalSection
	GlobalSection(SolutionProperties) = preSolution
		HideSolutionNode = FALSE
	EndGlobalSection
	GlobalSection(MonoDevelopProperties) = preSolution
		StartupItem = Assembly-CSharp.csproj
	EndGlobalSection
EndGlobal
